// !$*UTF8*$!
{
	archiveVersion = 1;
	classes = {
	};
	objectVersion = 52;
	objects = {

/* Begin PBXBuildFile section */
		EC22D3A924B2143B00FFCBDB /* AppDelegate.swift in Sources */ = {isa = PBXBuildFile; fileRef = EC22D3A824B2143B00FFCBDB /* AppDelegate.swift */; };
		EC22D3AB24B2143B00FFCBDB /* WrapperController.swift in Sources */ = {isa = PBXBuildFile; fileRef = EC22D3AA24B2143B00FFCBDB /* WrapperController.swift */; };
		EC22D3AD24B2143D00FFCBDB /* Assets.xcassets in Resources */ = {isa = PBXBuildFile; fileRef = EC22D3AC24B2143D00FFCBDB /* Assets.xcassets */; };
		EC501BF424B22E42002B2187 /* Menu.xib in Resources */ = {isa = PBXBuildFile; fileRef = EC501BF324B22E42002B2187 /* Menu.xib */; };
		EC501C0224B37CA8002B2187 /* AboutViewController.swift in Sources */ = {isa = PBXBuildFile; fileRef = EC501C0024B37CA8002B2187 /* AboutViewController.swift */; };
		EC501C0324B37CA8002B2187 /* AboutViewController.xib in Resources */ = {isa = PBXBuildFile; fileRef = EC501C0124B37CA8002B2187 /* AboutViewController.xib */; };
		EC501C0824B3848E002B2187 /* GeneralViewController.swift in Sources */ = {isa = PBXBuildFile; fileRef = EC501C0624B3848E002B2187 /* GeneralViewController.swift */; };
		EC501C0924B3848E002B2187 /* GeneralViewController.xib in Resources */ = {isa = PBXBuildFile; fileRef = EC501C0724B3848E002B2187 /* GeneralViewController.xib */; };
		EC501C0B24B38EE8002B2187 /* ConfigStorage.swift in Sources */ = {isa = PBXBuildFile; fileRef = EC501C0A24B38EE8002B2187 /* ConfigStorage.swift */; };
		EC501C0E24B4377C002B2187 /* NSButton+Helper.swift in Sources */ = {isa = PBXBuildFile; fileRef = EC501C0D24B4377C002B2187 /* NSButton+Helper.swift */; };
		EC501C1024B49334002B2187 /* MenuController.swift in Sources */ = {isa = PBXBuildFile; fileRef = EC501C0F24B49334002B2187 /* MenuController.swift */; };
		EC501C1C24B4AED3002B2187 /* ReceiveFileWindowController.swift in Sources */ = {isa = PBXBuildFile; fileRef = EC501C1A24B4AED3002B2187 /* ReceiveFileWindowController.swift */; };
		EC501C1D24B4AED3002B2187 /* ReceiveFileWindowController.xib in Resources */ = {isa = PBXBuildFile; fileRef = EC501C1B24B4AED3002B2187 /* ReceiveFileWindowController.xib */; };
		EC501C2024B4B65C002B2187 /* DraggableImageView.swift in Sources */ = {isa = PBXBuildFile; fileRef = EC501C1F24B4B65C002B2187 /* DraggableImageView.swift */; };
		EC501C2224B4C404002B2187 /* NSImage+Helper.swift in Sources */ = {isa = PBXBuildFile; fileRef = EC501C2124B4C404002B2187 /* NSImage+Helper.swift */; };
		EC501C2424B5EAEB002B2187 /* NotificationManager.swift in Sources */ = {isa = PBXBuildFile; fileRef = EC501C2324B5EAEB002B2187 /* NotificationManager.swift */; };
		EC501C2624B60036002B2187 /* ContinuityReceiver.swift in Sources */ = {isa = PBXBuildFile; fileRef = EC501C2524B60036002B2187 /* ContinuityReceiver.swift */; };
		EC501C2924B61133002B2187 /* Preferences in Frameworks */ = {isa = PBXBuildFile; productRef = EC501C2824B61133002B2187 /* Preferences */; };
/* End PBXBuildFile section */

/* Begin PBXFileReference section */
		EC22D3A524B2143B00FFCBDB /* Camera Bop.app */ = {isa = PBXFileReference; explicitFileType = wrapper.application; includeInIndex = 0; path = "Camera Bop.app"; sourceTree = BUILT_PRODUCTS_DIR; };
		EC22D3A824B2143B00FFCBDB /* AppDelegate.swift */ = {isa = PBXFileReference; lastKnownFileType = sourcecode.swift; path = AppDelegate.swift; sourceTree = "<group>"; };
		EC22D3AA24B2143B00FFCBDB /* WrapperController.swift */ = {isa = PBXFileReference; lastKnownFileType = sourcecode.swift; path = WrapperController.swift; sourceTree = "<group>"; };
		EC22D3AC24B2143D00FFCBDB /* Assets.xcassets */ = {isa = PBXFileReference; lastKnownFileType = folder.assetcatalog; path = Assets.xcassets; sourceTree = "<group>"; };
		EC22D3B124B2143D00FFCBDB /* Info.plist */ = {isa = PBXFileReference; lastKnownFileType = text.plist.xml; path = Info.plist; sourceTree = "<group>"; };
		EC22D3B224B2143D00FFCBDB /* Camera_Bop.entitlements */ = {isa = PBXFileReference; lastKnownFileType = text.plist.entitlements; path = Camera_Bop.entitlements; sourceTree = "<group>"; };
		EC501BF324B22E42002B2187 /* Menu.xib */ = {isa = PBXFileReference; lastKnownFileType = file.xib; path = Menu.xib; sourceTree = "<group>"; };
		EC501C0024B37CA8002B2187 /* AboutViewController.swift */ = {isa = PBXFileReference; lastKnownFileType = sourcecode.swift; path = AboutViewController.swift; sourceTree = "<group>"; };
		EC501C0124B37CA8002B2187 /* AboutViewController.xib */ = {isa = PBXFileReference; lastKnownFileType = file.xib; path = AboutViewController.xib; sourceTree = "<group>"; };
		EC501C0624B3848E002B2187 /* GeneralViewController.swift */ = {isa = PBXFileReference; lastKnownFileType = sourcecode.swift; path = GeneralViewController.swift; sourceTree = "<group>"; };
		EC501C0724B3848E002B2187 /* GeneralViewController.xib */ = {isa = PBXFileReference; lastKnownFileType = file.xib; path = GeneralViewController.xib; sourceTree = "<group>"; };
		EC501C0A24B38EE8002B2187 /* ConfigStorage.swift */ = {isa = PBXFileReference; lastKnownFileType = sourcecode.swift; path = ConfigStorage.swift; sourceTree = "<group>"; };
		EC501C0D24B4377C002B2187 /* NSButton+Helper.swift */ = {isa = PBXFileReference; lastKnownFileType = sourcecode.swift; path = "NSButton+Helper.swift"; sourceTree = "<group>"; };
		EC501C0F24B49334002B2187 /* MenuController.swift */ = {isa = PBXFileReference; lastKnownFileType = sourcecode.swift; path = MenuController.swift; sourceTree = "<group>"; };
		EC501C1A24B4AED3002B2187 /* ReceiveFileWindowController.swift */ = {isa = PBXFileReference; lastKnownFileType = sourcecode.swift; path = ReceiveFileWindowController.swift; sourceTree = "<group>"; };
		EC501C1B24B4AED3002B2187 /* ReceiveFileWindowController.xib */ = {isa = PBXFileReference; lastKnownFileType = file.xib; path = ReceiveFileWindowController.xib; sourceTree = "<group>"; };
		EC501C1F24B4B65C002B2187 /* DraggableImageView.swift */ = {isa = PBXFileReference; lastKnownFileType = sourcecode.swift; path = DraggableImageView.swift; sourceTree = "<group>"; };
		EC501C2124B4C404002B2187 /* NSImage+Helper.swift */ = {isa = PBXFileReference; lastKnownFileType = sourcecode.swift; path = "NSImage+Helper.swift"; sourceTree = "<group>"; };
		EC501C2324B5EAEB002B2187 /* NotificationManager.swift */ = {isa = PBXFileReference; lastKnownFileType = sourcecode.swift; path = NotificationManager.swift; sourceTree = "<group>"; };
		EC501C2524B60036002B2187 /* ContinuityReceiver.swift */ = {isa = PBXFileReference; lastKnownFileType = sourcecode.swift; path = ContinuityReceiver.swift; sourceTree = "<group>"; };
/* End PBXFileReference section */

/* Begin PBXFrameworksBuildPhase section */
		EC22D3A224B2143B00FFCBDB /* Frameworks */ = {
			isa = PBXFrameworksBuildPhase;
			buildActionMask = 2147483647;
			files = (
				EC501C2924B61133002B2187 /* Preferences in Frameworks */,
			);
			runOnlyForDeploymentPostprocessing = 0;
		};
/* End PBXFrameworksBuildPhase section */

/* Begin PBXGroup section */
		EC22D39C24B2143B00FFCBDB = {
			isa = PBXGroup;
			children = (
				EC22D3A724B2143B00FFCBDB /* Camera-Bop */,
				EC22D3A624B2143B00FFCBDB /* Products */,
			);
			sourceTree = "<group>";
		};
		EC22D3A624B2143B00FFCBDB /* Products */ = {
			isa = PBXGroup;
			children = (
				EC22D3A524B2143B00FFCBDB /* Camera Bop.app */,
			);
			name = Products;
			sourceTree = "<group>";
		};
		EC22D3A724B2143B00FFCBDB /* Camera-Bop */ = {
			isa = PBXGroup;
			children = (
				EC501C0A24B38EE8002B2187 /* ConfigStorage.swift */,
				EC501C1124B4A8D3002B2187 /* Windows */,
				EC501C1E24B4B62E002B2187 /* Views */,
				EC501BFD24B37B86002B2187 /* Preferences */,
				EC501C0C24B4376A002B2187 /* Utils */,
				EC22D3A824B2143B00FFCBDB /* AppDelegate.swift */,
				EC501C0F24B49334002B2187 /* MenuController.swift */,
				EC22D3AA24B2143B00FFCBDB /* WrapperController.swift */,
				EC501BF324B22E42002B2187 /* Menu.xib */,
				EC22D3AC24B2143D00FFCBDB /* Assets.xcassets */,
				EC22D3B124B2143D00FFCBDB /* Info.plist */,
				EC22D3B224B2143D00FFCBDB /* Camera_Bop.entitlements */,
			);
			path = "Camera-Bop";
			sourceTree = "<group>";
		};
		EC501BFD24B37B86002B2187 /* Preferences */ = {
			isa = PBXGroup;
			children = (
				EC501C0024B37CA8002B2187 /* AboutViewController.swift */,
				EC501C0124B37CA8002B2187 /* AboutViewController.xib */,
				EC501C0624B3848E002B2187 /* GeneralViewController.swift */,
				EC501C0724B3848E002B2187 /* GeneralViewController.xib */,
			);
			path = Preferences;
			sourceTree = "<group>";
		};
		EC501C0C24B4376A002B2187 /* Utils */ = {
			isa = PBXGroup;
			children = (
				EC501C0D24B4377C002B2187 /* NSButton+Helper.swift */,
				EC501C2124B4C404002B2187 /* NSImage+Helper.swift */,
				EC501C2324B5EAEB002B2187 /* NotificationManager.swift */,
				EC501C2524B60036002B2187 /* ContinuityReceiver.swift */,
			);
			path = Utils;
			sourceTree = "<group>";
		};
		EC501C1124B4A8D3002B2187 /* Windows */ = {
			isa = PBXGroup;
			children = (
				EC501C1A24B4AED3002B2187 /* ReceiveFileWindowController.swift */,
				EC501C1B24B4AED3002B2187 /* ReceiveFileWindowController.xib */,
			);
			path = Windows;
			sourceTree = "<group>";
		};
		EC501C1E24B4B62E002B2187 /* Views */ = {
			isa = PBXGroup;
			children = (
				EC501C1F24B4B65C002B2187 /* DraggableImageView.swift */,
			);
			path = Views;
			sourceTree = "<group>";
		};
/* End PBXGroup section */

/* Begin PBXNativeTarget section */
		EC22D3A424B2143B00FFCBDB /* Camera Bop */ = {
			isa = PBXNativeTarget;
			buildConfigurationList = EC22D3B524B2143D00FFCBDB /* Build configuration list for PBXNativeTarget "Camera Bop" */;
			buildPhases = (
				EC22D3A124B2143B00FFCBDB /* Sources */,
				EC22D3A224B2143B00FFCBDB /* Frameworks */,
				EC22D3A324B2143B00FFCBDB /* Resources */,
			);
			buildRules = (
			);
			dependencies = (
			);
			name = "Camera Bop";
			packageProductDependencies = (
				EC501C2824B61133002B2187 /* Preferences */,
			);
			productName = "Continuity-Helper";
			productReference = EC22D3A524B2143B00FFCBDB /* Camera Bop.app */;
			productType = "com.apple.product-type.application";
		};
/* End PBXNativeTarget section */

/* Begin PBXProject section */
		EC22D39D24B2143B00FFCBDB /* Project object */ = {
			isa = PBXProject;
			attributes = {
				LastSwiftUpdateCheck = 1200;
				LastUpgradeCheck = 1150;
				TargetAttributes = {
					EC22D3A424B2143B00FFCBDB = {
						CreatedOnToolsVersion = 12.0;
					};
				};
			};
			buildConfigurationList = EC22D3A024B2143B00FFCBDB /* Build configuration list for PBXProject "Camera Bop" */;
			compatibilityVersion = "Xcode 9.3";
			developmentRegion = en;
			hasScannedForEncodings = 0;
			knownRegions = (
				en,
				Base,
			);
			mainGroup = EC22D39C24B2143B00FFCBDB;
			packageReferences = (
				EC501C2724B61133002B2187 /* XCRemoteSwiftPackageReference "Preferences" */,
			);
			productRefGroup = EC22D3A624B2143B00FFCBDB /* Products */;
			projectDirPath = "";
			projectRoot = "";
			targets = (
				EC22D3A424B2143B00FFCBDB /* Camera Bop */,
			);
		};
/* End PBXProject section */

/* Begin PBXResourcesBuildPhase section */
		EC22D3A324B2143B00FFCBDB /* Resources */ = {
			isa = PBXResourcesBuildPhase;
			buildActionMask = 2147483647;
			files = (
				EC22D3AD24B2143D00FFCBDB /* Assets.xcassets in Resources */,
				EC501C0324B37CA8002B2187 /* AboutViewController.xib in Resources */,
				EC501C1D24B4AED3002B2187 /* ReceiveFileWindowController.xib in Resources */,
				EC501BF424B22E42002B2187 /* Menu.xib in Resources */,
				EC501C0924B3848E002B2187 /* GeneralViewController.xib in Resources */,
			);
			runOnlyForDeploymentPostprocessing = 0;
		};
/* End PBXResourcesBuildPhase section */

/* Begin PBXSourcesBuildPhase section */
		EC22D3A124B2143B00FFCBDB /* Sources */ = {
			isa = PBXSourcesBuildPhase;
			buildActionMask = 2147483647;
			files = (
				EC501C0224B37CA8002B2187 /* AboutViewController.swift in Sources */,
				EC501C2024B4B65C002B2187 /* DraggableImageView.swift in Sources */,
				EC501C1C24B4AED3002B2187 /* ReceiveFileWindowController.swift in Sources */,
				EC501C1024B49334002B2187 /* MenuController.swift in Sources */,
				EC501C2424B5EAEB002B2187 /* NotificationManager.swift in Sources */,
				EC501C2224B4C404002B2187 /* NSImage+Helper.swift in Sources */,
				EC22D3AB24B2143B00FFCBDB /* WrapperController.swift in Sources */,
				EC501C0E24B4377C002B2187 /* NSButton+Helper.swift in Sources */,
				EC501C2624B60036002B2187 /* ContinuityReceiver.swift in Sources */,
				EC501C0B24B38EE8002B2187 /* ConfigStorage.swift in Sources */,
				EC22D3A924B2143B00FFCBDB /* AppDelegate.swift in Sources */,
				EC501C0824B3848E002B2187 /* GeneralViewController.swift in Sources */,
			);
			runOnlyForDeploymentPostprocessing = 0;
		};
/* End PBXSourcesBuildPhase section */

/* Begin XCBuildConfiguration section */
		EC22D3B324B2143D00FFCBDB /* Debug */ = {
			isa = XCBuildConfiguration;
			buildSettings = {
				ALWAYS_SEARCH_USER_PATHS = NO;
				CLANG_ANALYZER_NONNULL = YES;
				CLANG_ANALYZER_NUMBER_OBJECT_CONVERSION = YES_AGGRESSIVE;
				CLANG_CXX_LANGUAGE_STANDARD = "gnu++14";
				CLANG_CXX_LIBRARY = "libc++";
				CLANG_ENABLE_MODULES = YES;
				CLANG_ENABLE_OBJC_ARC = YES;
				CLANG_ENABLE_OBJC_WEAK = YES;
				CLANG_WARN_BLOCK_CAPTURE_AUTORELEASING = YES;
				CLANG_WARN_BOOL_CONVERSION = YES;
				CLANG_WARN_COMMA = YES;
				CLANG_WARN_CONSTANT_CONVERSION = YES;
				CLANG_WARN_DEPRECATED_OBJC_IMPLEMENTATIONS = YES;
				CLANG_WARN_DIRECT_OBJC_ISA_USAGE = YES_ERROR;
				CLANG_WARN_DOCUMENTATION_COMMENTS = YES;
				CLANG_WARN_EMPTY_BODY = YES;
				CLANG_WARN_ENUM_CONVERSION = YES;
				CLANG_WARN_INFINITE_RECURSION = YES;
				CLANG_WARN_INT_CONVERSION = YES;
				CLANG_WARN_NON_LITERAL_NULL_CONVERSION = YES;
				CLANG_WARN_OBJC_IMPLICIT_RETAIN_SELF = YES;
				CLANG_WARN_OBJC_LITERAL_CONVERSION = YES;
				CLANG_WARN_OBJC_ROOT_CLASS = YES_ERROR;
				CLANG_WARN_QUOTED_INCLUDE_IN_FRAMEWORK_HEADER = YES;
				CLANG_WARN_RANGE_LOOP_ANALYSIS = YES;
				CLANG_WARN_STRICT_PROTOTYPES = YES;
				CLANG_WARN_SUSPICIOUS_MOVE = YES;
				CLANG_WARN_UNGUARDED_AVAILABILITY = YES_AGGRESSIVE;
				CLANG_WARN_UNREACHABLE_CODE = YES;
				CLANG_WARN__DUPLICATE_METHOD_MATCH = YES;
				COPY_PHASE_STRIP = NO;
				DEBUG_INFORMATION_FORMAT = dwarf;
				ENABLE_STRICT_OBJC_MSGSEND = YES;
				ENABLE_TESTABILITY = YES;
				GCC_C_LANGUAGE_STANDARD = gnu11;
				GCC_DYNAMIC_NO_PIC = NO;
				GCC_NO_COMMON_BLOCKS = YES;
				GCC_OPTIMIZATION_LEVEL = 0;
				GCC_PREPROCESSOR_DEFINITIONS = (
					"DEBUG=1",
					"$(inherited)",
				);
				GCC_WARN_64_TO_32_BIT_CONVERSION = YES;
				GCC_WARN_ABOUT_RETURN_TYPE = YES_ERROR;
				GCC_WARN_UNDECLARED_SELECTOR = YES;
				GCC_WARN_UNINITIALIZED_AUTOS = YES_AGGRESSIVE;
				GCC_WARN_UNUSED_FUNCTION = YES;
				GCC_WARN_UNUSED_VARIABLE = YES;
				MACOSX_DEPLOYMENT_TARGET = 10.15;
				MTL_ENABLE_DEBUG_INFO = INCLUDE_SOURCE;
				MTL_FAST_MATH = YES;
				ONLY_ACTIVE_ARCH = YES;
				SDKROOT = macosx;
				SWIFT_ACTIVE_COMPILATION_CONDITIONS = DEBUG;
				SWIFT_OPTIMIZATION_LEVEL = "-Onone";
			};
			name = Debug;
		};
		EC22D3B424B2143D00FFCBDB /* Release */ = {
			isa = XCBuildConfiguration;
			buildSettings = {
				ALWAYS_SEARCH_USER_PATHS = NO;
				CLANG_ANALYZER_NONNULL = YES;
				CLANG_ANALYZER_NUMBER_OBJECT_CONVERSION = YES_AGGRESSIVE;
				CLANG_CXX_LANGUAGE_STANDARD = "gnu++14";
				CLANG_CXX_LIBRARY = "libc++";
				CLANG_ENABLE_MODULES = YES;
				CLANG_ENABLE_OBJC_ARC = YES;
				CLANG_ENABLE_OBJC_WEAK = YES;
				CLANG_WARN_BLOCK_CAPTURE_AUTORELEASING = YES;
				CLANG_WARN_BOOL_CONVERSION = YES;
				CLANG_WARN_COMMA = YES;
				CLANG_WARN_CONSTANT_CONVERSION = YES;
				CLANG_WARN_DEPRECATED_OBJC_IMPLEMENTATIONS = YES;
				CLANG_WARN_DIRECT_OBJC_ISA_USAGE = YES_ERROR;
				CLANG_WARN_DOCUMENTATION_COMMENTS = YES;
				CLANG_WARN_EMPTY_BODY = YES;
				CLANG_WARN_ENUM_CONVERSION = YES;
				CLANG_WARN_INFINITE_RECURSION = YES;
				CLANG_WARN_INT_CONVERSION = YES;
				CLANG_WARN_NON_LITERAL_NULL_CONVERSION = YES;
				CLANG_WARN_OBJC_IMPLICIT_RETAIN_SELF = YES;
				CLANG_WARN_OBJC_LITERAL_CONVERSION = YES;
				CLANG_WARN_OBJC_ROOT_CLASS = YES_ERROR;
				CLANG_WARN_QUOTED_INCLUDE_IN_FRAMEWORK_HEADER = YES;
				CLANG_WARN_RANGE_LOOP_ANALYSIS = YES;
				CLANG_WARN_STRICT_PROTOTYPES = YES;
				CLANG_WARN_SUSPICIOUS_MOVE = YES;
				CLANG_WARN_UNGUARDED_AVAILABILITY = YES_AGGRESSIVE;
				CLANG_WARN_UNREACHABLE_CODE = YES;
				CLANG_WARN__DUPLICATE_METHOD_MATCH = YES;
				COPY_PHASE_STRIP = NO;
				DEBUG_INFORMATION_FORMAT = "dwarf-with-dsym";
				ENABLE_NS_ASSERTIONS = NO;
				ENABLE_STRICT_OBJC_MSGSEND = YES;
				GCC_C_LANGUAGE_STANDARD = gnu11;
				GCC_NO_COMMON_BLOCKS = YES;
				GCC_WARN_64_TO_32_BIT_CONVERSION = YES;
				GCC_WARN_ABOUT_RETURN_TYPE = YES_ERROR;
				GCC_WARN_UNDECLARED_SELECTOR = YES;
				GCC_WARN_UNINITIALIZED_AUTOS = YES_AGGRESSIVE;
				GCC_WARN_UNUSED_FUNCTION = YES;
				GCC_WARN_UNUSED_VARIABLE = YES;
				MACOSX_DEPLOYMENT_TARGET = 10.15;
				MTL_ENABLE_DEBUG_INFO = NO;
				MTL_FAST_MATH = YES;
				SDKROOT = macosx;
				SWIFT_COMPILATION_MODE = wholemodule;
				SWIFT_OPTIMIZATION_LEVEL = "-O";
			};
			name = Release;
		};
		EC22D3B624B2143D00FFCBDB /* Debug */ = {
			isa = XCBuildConfiguration;
			buildSettings = {
				ASSETCATALOG_COMPILER_APPICON_NAME = AppIcon;
				ASSETCATALOG_COMPILER_GLOBAL_ACCENT_COLOR_NAME = AccentColor;
				CODE_SIGN_ENTITLEMENTS = "Camera-Bop/Camera_Bop.entitlements";
				CODE_SIGN_IDENTITY = "Apple Development";
				CODE_SIGN_STYLE = Automatic;
				COMBINE_HIDPI_IMAGES = YES;
				DEVELOPMENT_TEAM = 6MTC9ES4SK;
				ENABLE_HARDENED_RUNTIME = YES;
				INFOPLIST_FILE = "Camera-Bop/Info.plist";
				LD_RUNPATH_SEARCH_PATHS = (
					"$(inherited)",
					"@executable_path/../Frameworks",
				);
				MACOSX_DEPLOYMENT_TARGET = 10.15;
				MARKETING_VERSION = 0.1;
				PRODUCT_BUNDLE_IDENTIFIER = "com.LASER-Yi.CameraBop";
				PRODUCT_NAME = "$(TARGET_NAME)";
				SWIFT_VERSION = 5.0;
			};
			name = Debug;
		};
		EC22D3B724B2143D00FFCBDB /* Release */ = {
			isa = XCBuildConfiguration;
			buildSettings = {
				ASSETCATALOG_COMPILER_APPICON_NAME = AppIcon;
				ASSETCATALOG_COMPILER_GLOBAL_ACCENT_COLOR_NAME = AccentColor;
				CODE_SIGN_ENTITLEMENTS = "Camera-Bop/Camera_Bop.entitlements";
				CODE_SIGN_IDENTITY = "Apple Development";
				CODE_SIGN_STYLE = Automatic;
				COMBINE_HIDPI_IMAGES = YES;
				DEVELOPMENT_TEAM = 6MTC9ES4SK;
				ENABLE_HARDENED_RUNTIME = YES;
				INFOPLIST_FILE = "Camera-Bop/Info.plist";
				LD_RUNPATH_SEARCH_PATHS = (
					"$(inherited)",
					"@executable_path/../Frameworks",
				);
				MACOSX_DEPLOYMENT_TARGET = 10.15;
				MARKETING_VERSION = 0.1;
				PRODUCT_BUNDLE_IDENTIFIER = "com.LASER-Yi.CameraBop";
				PRODUCT_NAME = "$(TARGET_NAME)";
				SWIFT_VERSION = 5.0;
			};
			name = Release;
		};
/* End XCBuildConfiguration section */

/* Begin XCConfigurationList section */
		EC22D3A024B2143B00FFCBDB /* Build configuration list for PBXProject "Camera Bop" */ = {
			isa = XCConfigurationList;
			buildConfigurations = (
				EC22D3B324B2143D00FFCBDB /* Debug */,
				EC22D3B424B2143D00FFCBDB /* Release */,
			);
			defaultConfigurationIsVisible = 0;
			defaultConfigurationName = Release;
		};
		EC22D3B524B2143D00FFCBDB /* Build configuration list for PBXNativeTarget "Camera Bop" */ = {
			isa = XCConfigurationList;
			buildConfigurations = (
				EC22D3B624B2143D00FFCBDB /* Debug */,
				EC22D3B724B2143D00FFCBDB /* Release */,
			);
			defaultConfigurationIsVisible = 0;
			defaultConfigurationName = Release;
		};
/* End XCConfigurationList section */

/* Begin XCRemoteSwiftPackageReference section */
		EC501C2724B61133002B2187 /* XCRemoteSwiftPackageReference "Preferences" */ = {
			isa = XCRemoteSwiftPackageReference;
			repositoryURL = "https://github.com/sindresorhus/Preferences";
			requirement = {
				kind = upToNextMajorVersion;
				minimumVersion = 2.0.0;
			};
		};
/* End XCRemoteSwiftPackageReference section */

/* Begin XCSwiftPackageProductDependency section */
		EC501C2824B61133002B2187 /* Preferences */ = {
			isa = XCSwiftPackageProductDependency;
			package = EC501C2724B61133002B2187 /* XCRemoteSwiftPackageReference "Preferences" */;
			productName = Preferences;
		};
/* End XCSwiftPackageProductDependency section */
	};
	rootObject = EC22D39D24B2143B00FFCBDB /* Project object */;
}
